github.com/beevik/etree v1.1.0 h1:T0xke/WvNtMoCqgzPhkX2r4rjY3GDZFi+FjpRZY2Jbs=
github.com/beevik/etree v1.1.0/go.mod h1:r8Aw8JqVegEf0w2fDnATrX9VpkMcyFeM0FhwO62wh+A=
github.com/gernest/alien v0.1.0 h1:yjCZyo2a46tXmqfgHLUSwlr23GSn2PqWwAP3jPXfICQ=
github.com/gernest/alien v0.1.0/go.mod h1:qtjw+zYKFIL3T2RPYS8TGpMx+ZPwUYFm+BPSd7F+AH0=
github.com/rosbit/go-aes v0.0.1 h1:tmOiz5IO6pyQ35nrGClsSw0AAF8bCAZR5zIcK+Hd8uI=
github.com/rosbit/go-aes v0.0.1/go.mod h1:CyPYFnM8SsrEw2Hvz5QtDIaAQnxy/n8rHv8NR/7Lm5Y=
github.com/rosbit/go-wget v1.0.3 h1:dwxXCXbneVdKxwkIntWa2mDJmUk6uUdqcOjNpSITlJA=
github.com/rosbit/go-wget v1.0.3/go.mod h1:8Tt92GKM/K9WI65yYkX0lwJDnRp64Vd082ojViWT6T4=
github.com/rosbit/logmerger v0.0.1/go.mod h1:wzp/9K8Zu6+onB3moySMgBgXHNlXDj81vHWixaUHes0=
github.com/urfave/negroni v1.0.0 h1:kIimOitoypq34K7TG7DUaJ9kq/N4Ofuwi1sjz0KipXc=
github.com/urfave/negroni v1.0.0/go.mod h1:Meg73S6kFm/4PpbYdq35yYWoCZ9mS/YSx+lKnmiohz4=
gopkg.in/natefinch/lumberjack.v2 v2.0.0 h1:1Lc07Kr7qY4U2YPouBjpCLxpiyxIVoxqXgkXLknAOE8=
gopkg.in/natefinch/lumberjack.v2 v2.0.0/go.mod h1:l0ndWWf7gzL7RNwBG7wST/UCcT4T24xpD6X8LsfU/+k=
